
Microsoft Visual Studio Solution File, Format Version 12.00
# Visual Studio Version 17
VisualStudioVersion = 17.7.34009.444
MinimumVisualStudioVersion = 10.0.40219.1
Project("{8BC9CEB8-8B4A-11D0-8D11-00A0C91BC942}") = "ModuleBase", "ModuleBase\ModuleBase.vcxproj", "{837BAFA9-A48F-42DD-A7FC-8979DD6D8BF8}"
	ProjectSection(ProjectDependencies) = postProject
		{2340F652-F6CD-48FD-9428-7B4EBE6028E6} = {2340F652-F6CD-48FD-9428-7B4EBE6028E6}
		{275F4036-319B-40BA-A0EB-E278254F175A} = {275F4036-319B-40BA-A0EB-E278254F175A}
	EndProjectSection
EndProject
Project("{8BC9CEB8-8B4A-11D0-8D11-00A0C91BC942}") = "ModuleProtocol", "ModuleProtocol\ModuleProtocol.vcxproj", "{16CCB191-CDA8-4376-A1A0-302256531539}"
	ProjectSection(ProjectDependencies) = postProject
		{2340F652-F6CD-48FD-9428-7B4EBE6028E6} = {2340F652-F6CD-48FD-9428-7B4EBE6028E6}
		{275F4036-319B-40BA-A0EB-E278254F175A} = {275F4036-319B-40BA-A0EB-E278254F175A}
		{837BAFA9-A48F-42DD-A7FC-8979DD6D8BF8} = {837BAFA9-A48F-42DD-A7FC-8979DD6D8BF8}
		{F0899516-F72D-4592-82D8-0C7B1E632AD5} = {F0899516-F72D-4592-82D8-0C7B1E632AD5}
	EndProjectSection
EndProject
Project("{2150E333-8FDC-42A3-9474-1A3956D46DE8}") = "External", "External", "{97ABB416-C395-46B3-B6C6-5903BED4435C}"
EndProject
Project("{8BC9CEB8-8B4A-11D0-8D11-00A0C91BC942}") = "7zip", "External\7zip\7zip.vcxproj", "{275F4036-319B-40BA-A0EB-E278254F1751}"
	ProjectSection(ProjectDependencies) = postProject
		{837BAFA9-A48F-42DD-A7FC-8979DD6D8BF8} = {837BAFA9-A48F-42DD-A7FC-8979DD6D8BF8}
	EndProjectSection
EndProject
Project("{8BC9CEB8-8B4A-11D0-8D11-00A0C91BC942}") = "jsoncpp", "External\jsoncpp\jsoncpp.vcxproj", "{275F4036-319B-40BA-A0EB-E278254F175A}"
EndProject
Project("{8BC9CEB8-8B4A-11D0-8D11-00A0C91BC942}") = "courgette_lib", "External\courgette\courgette\courgette_lib.vcxproj", "{2340F652-F6CD-48FD-9428-7B4EBE6028E6}"
EndProject
Project("{8BC9CEB8-8B4A-11D0-8D11-00A0C91BC942}") = "ModuleData", "ModuleData\ModuleData.vcxproj", "{F0899516-F72D-4592-82D8-0C7B1E632AD5}"
	ProjectSection(ProjectDependencies) = postProject
		{2340F652-F6CD-48FD-9428-7B4EBE6028E6} = {2340F652-F6CD-48FD-9428-7B4EBE6028E6}
		{275F4036-319B-40BA-A0EB-E278254F175A} = {275F4036-319B-40BA-A0EB-E278254F175A}
		{837BAFA9-A48F-42DD-A7FC-8979DD6D8BF8} = {837BAFA9-A48F-42DD-A7FC-8979DD6D8BF8}
	EndProjectSection
EndProject
Project("{8BC9CEB8-8B4A-11D0-8D11-00A0C91BC942}") = "StockServer", "StockServer\StockServer.vcxproj", "{00AE4323-5B0D-41E8-B58C-B38EAF8FE16C}"
	ProjectSection(ProjectDependencies) = postProject
		{16CCB191-CDA8-4376-A1A0-302256531539} = {16CCB191-CDA8-4376-A1A0-302256531539}
		{2340F652-F6CD-48FD-9428-7B4EBE6028E6} = {2340F652-F6CD-48FD-9428-7B4EBE6028E6}
		{275F4036-319B-40BA-A0EB-E278254F1751} = {275F4036-319B-40BA-A0EB-E278254F1751}
		{275F4036-319B-40BA-A0EB-E278254F175A} = {275F4036-319B-40BA-A0EB-E278254F175A}
		{837BAFA9-A48F-42DD-A7FC-8979DD6D8BF8} = {837BAFA9-A48F-42DD-A7FC-8979DD6D8BF8}
		{F0899516-F72D-4592-82D8-0C7B1E632AD5} = {F0899516-F72D-4592-82D8-0C7B1E632AD5}
	EndProjectSection
EndProject
Global
	GlobalSection(SolutionConfigurationPlatforms) = preSolution
		Debug|x64 = Debug|x64
		Debug|x86 = Debug|x86
		Release|x64 = Release|x64
		Release|x86 = Release|x86
	EndGlobalSection
	GlobalSection(ProjectConfigurationPlatforms) = postSolution
		{837BAFA9-A48F-42DD-A7FC-8979DD6D8BF8}.Debug|x64.ActiveCfg = Debug|Win32
		{837BAFA9-A48F-42DD-A7FC-8979DD6D8BF8}.Debug|x64.Build.0 = Debug|Win32
		{837BAFA9-A48F-42DD-A7FC-8979DD6D8BF8}.Debug|x86.ActiveCfg = Debug|Win32
		{837BAFA9-A48F-42DD-A7FC-8979DD6D8BF8}.Debug|x86.Build.0 = Debug|Win32
		{837BAFA9-A48F-42DD-A7FC-8979DD6D8BF8}.Release|x64.ActiveCfg = Release|Win32
		{837BAFA9-A48F-42DD-A7FC-8979DD6D8BF8}.Release|x64.Build.0 = Release|Win32
		{837BAFA9-A48F-42DD-A7FC-8979DD6D8BF8}.Release|x86.ActiveCfg = Release|Win32
		{837BAFA9-A48F-42DD-A7FC-8979DD6D8BF8}.Release|x86.Build.0 = Release|Win32
		{16CCB191-CDA8-4376-A1A0-302256531539}.Debug|x64.ActiveCfg = Debug|Win32
		{16CCB191-CDA8-4376-A1A0-302256531539}.Debug|x64.Build.0 = Debug|Win32
		{16CCB191-CDA8-4376-A1A0-302256531539}.Debug|x86.ActiveCfg = Debug|Win32
		{16CCB191-CDA8-4376-A1A0-302256531539}.Debug|x86.Build.0 = Debug|Win32
		{16CCB191-CDA8-4376-A1A0-302256531539}.Release|x64.ActiveCfg = Release|Win32
		{16CCB191-CDA8-4376-A1A0-302256531539}.Release|x64.Build.0 = Release|Win32
		{16CCB191-CDA8-4376-A1A0-302256531539}.Release|x86.ActiveCfg = Release|Win32
		{16CCB191-CDA8-4376-A1A0-302256531539}.Release|x86.Build.0 = Release|Win32
		{275F4036-319B-40BA-A0EB-E278254F1751}.Debug|x64.ActiveCfg = Debug|Win32
		{275F4036-319B-40BA-A0EB-E278254F1751}.Debug|x64.Build.0 = Debug|Win32
		{275F4036-319B-40BA-A0EB-E278254F1751}.Debug|x86.ActiveCfg = Debug|Win32
		{275F4036-319B-40BA-A0EB-E278254F1751}.Debug|x86.Build.0 = Debug|Win32
		{275F4036-319B-40BA-A0EB-E278254F1751}.Release|x64.ActiveCfg = Release|Win32
		{275F4036-319B-40BA-A0EB-E278254F1751}.Release|x64.Build.0 = Release|Win32
		{275F4036-319B-40BA-A0EB-E278254F1751}.Release|x86.ActiveCfg = Release|Win32
		{275F4036-319B-40BA-A0EB-E278254F1751}.Release|x86.Build.0 = Release|Win32
		{275F4036-319B-40BA-A0EB-E278254F175A}.Debug|x64.ActiveCfg = Debug|Win32
		{275F4036-319B-40BA-A0EB-E278254F175A}.Debug|x64.Build.0 = Debug|Win32
		{275F4036-319B-40BA-A0EB-E278254F175A}.Debug|x86.ActiveCfg = Debug|Win32
		{275F4036-319B-40BA-A0EB-E278254F175A}.Debug|x86.Build.0 = Debug|Win32
		{275F4036-319B-40BA-A0EB-E278254F175A}.Release|x64.ActiveCfg = Release|Win32
		{275F4036-319B-40BA-A0EB-E278254F175A}.Release|x64.Build.0 = Release|Win32
		{275F4036-319B-40BA-A0EB-E278254F175A}.Release|x86.ActiveCfg = Release|Win32
		{275F4036-319B-40BA-A0EB-E278254F175A}.Release|x86.Build.0 = Release|Win32
		{2340F652-F6CD-48FD-9428-7B4EBE6028E6}.Debug|x64.ActiveCfg = Debug|Win32
		{2340F652-F6CD-48FD-9428-7B4EBE6028E6}.Debug|x64.Build.0 = Debug|Win32
		{2340F652-F6CD-48FD-9428-7B4EBE6028E6}.Debug|x86.ActiveCfg = Debug|Win32
		{2340F652-F6CD-48FD-9428-7B4EBE6028E6}.Debug|x86.Build.0 = Debug|Win32
		{2340F652-F6CD-48FD-9428-7B4EBE6028E6}.Release|x64.ActiveCfg = Release|Win32
		{2340F652-F6CD-48FD-9428-7B4EBE6028E6}.Release|x64.Build.0 = Release|Win32
		{2340F652-F6CD-48FD-9428-7B4EBE6028E6}.Release|x86.ActiveCfg = Release|Win32
		{2340F652-F6CD-48FD-9428-7B4EBE6028E6}.Release|x86.Build.0 = Release|Win32
		{F0899516-F72D-4592-82D8-0C7B1E632AD5}.Debug|x64.ActiveCfg = Debug|Win32
		{F0899516-F72D-4592-82D8-0C7B1E632AD5}.Debug|x64.Build.0 = Debug|Win32
		{F0899516-F72D-4592-82D8-0C7B1E632AD5}.Debug|x86.ActiveCfg = Debug|Win32
		{F0899516-F72D-4592-82D8-0C7B1E632AD5}.Debug|x86.Build.0 = Debug|Win32
		{F0899516-F72D-4592-82D8-0C7B1E632AD5}.Release|x64.ActiveCfg = Release|Win32
		{F0899516-F72D-4592-82D8-0C7B1E632AD5}.Release|x64.Build.0 = Release|Win32
		{F0899516-F72D-4592-82D8-0C7B1E632AD5}.Release|x86.ActiveCfg = Release|Win32
		{F0899516-F72D-4592-82D8-0C7B1E632AD5}.Release|x86.Build.0 = Release|Win32
		{00AE4323-5B0D-41E8-B58C-B38EAF8FE16C}.Debug|x64.ActiveCfg = Debug|Win32
		{00AE4323-5B0D-41E8-B58C-B38EAF8FE16C}.Debug|x64.Build.0 = Debug|Win32
		{00AE4323-5B0D-41E8-B58C-B38EAF8FE16C}.Debug|x86.ActiveCfg = Debug|Win32
		{00AE4323-5B0D-41E8-B58C-B38EAF8FE16C}.Debug|x86.Build.0 = Debug|Win32
		{00AE4323-5B0D-41E8-B58C-B38EAF8FE16C}.Release|x64.ActiveCfg = Release|Win32
		{00AE4323-5B0D-41E8-B58C-B38EAF8FE16C}.Release|x64.Build.0 = Release|Win32
		{00AE4323-5B0D-41E8-B58C-B38EAF8FE16C}.Release|x86.ActiveCfg = Release|Win32
		{00AE4323-5B0D-41E8-B58C-B38EAF8FE16C}.Release|x86.Build.0 = Release|Win32
	EndGlobalSection
	GlobalSection(SolutionProperties) = preSolution
		HideSolutionNode = FALSE
	EndGlobalSection
	GlobalSection(NestedProjects) = preSolution
		{275F4036-319B-40BA-A0EB-E278254F1751} = {97ABB416-C395-46B3-B6C6-5903BED4435C}
		{275F4036-319B-40BA-A0EB-E278254F175A} = {97ABB416-C395-46B3-B6C6-5903BED4435C}
		{2340F652-F6CD-48FD-9428-7B4EBE6028E6} = {97ABB416-C395-46B3-B6C6-5903BED4435C}
	EndGlobalSection
	GlobalSection(ExtensibilityGlobals) = postSolution
		SolutionGuid = {A0B103EB-DD0D-4B7A-83FB-7FD50EB72C15}
	EndGlobalSection
EndGlobal
